
Microsoft Visual Studio Solution File, Format Version 12.00
# Visual Studio Version 16
VisualStudioVersion = 16.0.31729.503
MinimumVisualStudioVersion = 10.0.40219.1
Project("{9A19103F-16F7-4668-BE54-9A1E7A4F7556}") = "ParseLib", "ParseLib\ParseLib.csproj", "{758FA48E-CAB5-491B-8F1D-4AA1D238A88D}"
EndProject
Project("{9A19103F-16F7-4668-BE54-9A1E7A4F7556}") = "UI", "UI\UI.csproj", "{ABC0EA01-835F-4290-85CD-78E6CA6AAC2A}"
EndProject
Global
	GlobalSection(SolutionConfigurationPlatforms) = preSolution
		Debug|Any CPU = Debug|Any CPU
		Release|Any CPU = Release|Any CPU
	EndGlobalSection
	GlobalSection(ProjectConfigurationPlatforms) = postSolution
		{758FA48E-CAB5-491B-8F1D-4AA1D238A88D}.Debug|Any CPU.ActiveCfg = Debug|Any CPU
		{758FA48E-CAB5-491B-8F1D-4AA1D238A88D}.Debug|Any CPU.Build.0 = Debug|Any CPU
		{758FA48E-CAB5-491B-8F1D-4AA1D238A88D}.Release|Any CPU.ActiveCfg = Release|Any CPU
		{758FA48E-CAB5-491B-8F1D-4AA1D238A88D}.Release|Any CPU.Build.0 = Release|Any CPU
		{ABC0EA01-835F-4290-85CD-78E6CA6AAC2A}.Debug|Any CPU.ActiveCfg = Debug|Any CPU
		{ABC0EA01-835F-4290-85CD-78E6CA6AAC2A}.Debug|Any CPU.Build.0 = Debug|Any CPU
		{ABC0EA01-835F-4290-85CD-78E6CA6AAC2A}.Release|Any CPU.ActiveCfg = Release|Any CPU
		{ABC0EA01-835F-4290-85CD-78E6CA6AAC2A}.Release|Any CPU.Build.0 = Release|Any CPU
	EndGlobalSection
	GlobalSection(SolutionProperties) = preSolution
		HideSolutionNode = FALSE
	EndGlobalSection
	GlobalSection(ExtensibilityGlobals) = postSolution
		SolutionGuid = {38BC8511-FD05-4F35-B33A-1104E1B506F4}
	EndGlobalSection
EndGlobal
